
Microsoft Visual Studio Solution File, Format Version 12.00
# Visual Studio Version 17
VisualStudioVersion = 17.5.002.0
MinimumVisualStudioVersion = 10.0.40219.1
Project("{9A19103F-16F7-4668-BE54-9A1E7A4F7556}") = "INIPublish", "INIPublish.csproj", "{A54FDF46-59B7-4D54-A6EB-992029537DEC}"
EndProject
Global
	GlobalSection(SolutionConfigurationPlatforms) = preSolution
		Debug|Any CPU = Debug|Any CPU
		Release|Any CPU = Release|Any CPU
	EndGlobalSection
	GlobalSection(ProjectConfigurationPlatforms) = postSolution
		{A54FDF46-59B7-4D54-A6EB-992029537DEC}.Debug|Any CPU.ActiveCfg = Debug|Any CPU
		{A54FDF46-59B7-4D54-A6EB-992029537DEC}.Debug|Any CPU.Build.0 = Debug|Any CPU
		{A54FDF46-59B7-4D54-A6EB-992029537DEC}.Release|Any CPU.ActiveCfg = Release|Any CPU
		{A54FDF46-59B7-4D54-A6EB-992029537DEC}.Release|Any CPU.Build.0 = Release|Any CPU
	EndGlobalSection
	GlobalSection(SolutionProperties) = preSolution
		HideSolutionNode = FALSE
	EndGlobalSection
	GlobalSection(ExtensibilityGlobals) = postSolution
		SolutionGuid = {CCDD3ECE-2791-4535-AD45-345E307C5ECA}
	EndGlobalSection
EndGlobal
